// !$*UTF8*$!
{
	archiveVersion = 1;
	classes = {
	};
	objectVersion = 46;
	objects = {

/* Begin PBXBuildFile section */
		0F255AA31B5C792800C62D28 /* rsync_client.cpp in Sources */ = {isa = PBXBuildFile; fileRef = 0F255A871B5C792800C62D28 /* rsync_client.cpp */; };
		0F255AA41B5C792800C62D28 /* rsync_entry.cpp in Sources */ = {isa = PBXBuildFile; fileRef = 0F255A891B5C792800C62D28 /* rsync_entry.cpp */; };
		0F255AA51B5C792800C62D28 /* rsync_file.cpp in Sources */ = {isa = PBXBuildFile; fileRef = 0F255A8B1B5C792800C62D28 /* rsync_file.cpp */; };
		0F255AA61B5C792800C62D28 /* rsync_io.cpp in Sources */ = {isa = PBXBuildFile; fileRef = 0F255A8D1B5C792800C62D28 /* rsync_io.cpp */; };
		0F255AA71B5C792800C62D28 /* rsync_log.cpp in Sources */ = {isa = PBXBuildFile; fileRef = 0F255A8F1B5C792800C62D28 /* rsync_log.cpp */; };
		0F255AA81B5C792800C62D28 /* rsync_pathutil.cpp in Sources */ = {isa = PBXBuildFile; fileRef = 0F255A911B5C792800C62D28 /* rsync_pathutil.cpp */; };
		0F255AA91B5C792800C62D28 /* rsync_socketio.cpp in Sources */ = {isa = PBXBuildFile; fileRef = 0F255A931B5C792800C62D28 /* rsync_socketio.cpp */; };
		0F255AAA1B5C792800C62D28 /* rsync_socketutil.cpp in Sources */ = {isa = PBXBuildFile; fileRef = 0F255A951B5C792800C62D28 /* rsync_socketutil.cpp */; };
		0F255AAB1B5C792800C62D28 /* rsync_sshio.cpp in Sources */ = {isa = PBXBuildFile; fileRef = 0F255A971B5C792800C62D28 /* rsync_sshio.cpp */; };
		0F255AAC1B5C792800C62D28 /* rsync_stream.cpp in Sources */ = {isa = PBXBuildFile; fileRef = 0F255A991B5C792800C62D28 /* rsync_stream.cpp */; };
		0F255AAD1B5C792800C62D28 /* rsync_timeutil.cpp in Sources */ = {isa = PBXBuildFile; fileRef = 0F255A9B1B5C792800C62D28 /* rsync_timeutil.cpp */; };
		0F255AAE1B5C792800C62D28 /* rsync_util.cpp in Sources */ = {isa = PBXBuildFile; fileRef = 0F255A9D1B5C792800C62D28 /* rsync_util.cpp */; };
		0F6AAFE21B5894A800A3035D /* main.m in Sources */ = {isa = PBXBuildFile; fileRef = 0F6AAFE11B5894A800A3035D /* main.m */; };
		0F6AAFE51B5894A800A3035D /* AppDelegate.m in Sources */ = {isa = PBXBuildFile; fileRef = 0F6AAFE41B5894A800A3035D /* AppDelegate.m */; };
		0F6AAFE81B5894A800A3035D /* ViewController.mm in Sources */ = {isa = PBXBuildFile; fileRef = 0F6AAFE71B5894A800A3035D /* ViewController.mm */; };
		0F6AAFEB1B5894A800A3035D /* Main.storyboard in Resources */ = {isa = PBXBuildFile; fileRef = 0F6AAFE91B5894A800A3035D /* Main.storyboard */; };
		0F6AAFED1B5894A800A3035D /* Assets.xcassets in Resources */ = {isa = PBXBuildFile; fileRef = 0F6AAFEC1B5894A800A3035D /* Assets.xcassets */; };
/* End PBXBuildFile section */

/* Begin PBXFileReference section */
		0F255A871B5C792800C62D28 /* rsync_client.cpp */ = {isa = PBXFileReference; fileEncoding = 4; lastKnownFileType = sourcecode.cpp.cpp; path = rsync_client.cpp; sourceTree = "<group>"; };
		0F255A881B5C792800C62D28 /* rsync_client.h */ = {isa = PBXFileReference; fileEncoding = 4; lastKnownFileType = sourcecode.c.h; path = rsync_client.h; sourceTree = "<group>"; };
		0F255A891B5C792800C62D28 /* rsync_entry.cpp */ = {isa = PBXFileReference; fileEncoding = 4; lastKnownFileType = sourcecode.cpp.cpp; path = rsync_entry.cpp; sourceTree = "<group>"; };
		0F255A8A1B5C792800C62D28 /* rsync_entry.h */ = {isa = PBXFileReference; fileEncoding = 4; lastKnownFileType = sourcecode.c.h; path = rsync_entry.h; sourceTree = "<group>"; };
		0F255A8B1B5C792800C62D28 /* rsync_file.cpp */ = {isa = PBXFileReference; fileEncoding = 4; lastKnownFileType = sourcecode.cpp.cpp; path = rsync_file.cpp; sourceTree = "<group>"; };
		0F255A8C1B5C792800C62D28 /* rsync_file.h */ = {isa = PBXFileReference; fileEncoding = 4; lastKnownFileType = sourcecode.c.h; path = rsync_file.h; sourceTree = "<group>"; };
		0F255A8D1B5C792800C62D28 /* rsync_io.cpp */ = {isa = PBXFileReference; fileEncoding = 4; lastKnownFileType = sourcecode.cpp.cpp; path = rsync_io.cpp; sourceTree = "<group>"; };
		0F255A8E1B5C792800C62D28 /* rsync_io.h */ = {isa = PBXFileReference; fileEncoding = 4; lastKnownFileType = sourcecode.c.h; path = rsync_io.h; sourceTree = "<group>"; };
		0F255A8F1B5C792800C62D28 /* rsync_log.cpp */ = {isa = PBXFileReference; fileEncoding = 4; lastKnownFileType = sourcecode.cpp.cpp; path = rsync_log.cpp; sourceTree = "<group>"; };
		0F255A901B5C792800C62D28 /* rsync_log.h */ = {isa = PBXFileReference; fileEncoding = 4; lastKnownFileType = sourcecode.c.h; path = rsync_log.h; sourceTree = "<group>"; };
		0F255A911B5C792800C62D28 /* rsync_pathutil.cpp */ = {isa = PBXFileReference; fileEncoding = 4; lastKnownFileType = sourcecode.cpp.cpp; path = rsync_pathutil.cpp; sourceTree = "<group>"; };
		0F255A921B5C792800C62D28 /* rsync_pathutil.h */ = {isa = PBXFileReference; fileEncoding = 4; lastKnownFileType = sourcecode.c.h; path = rsync_pathutil.h; sourceTree = "<group>"; };
		0F255A931B5C792800C62D28 /* rsync_socketio.cpp */ = {isa = PBXFileReference; fileEncoding = 4; lastKnownFileType = sourcecode.cpp.cpp; path = rsync_socketio.cpp; sourceTree = "<group>"; };
		0F255A941B5C792800C62D28 /* rsync_socketio.h */ = {isa = PBXFileReference; fileEncoding = 4; lastKnownFileType = sourcecode.c.h; path = rsync_socketio.h; sourceTree = "<group>"; };
		0F255A951B5C792800C62D28 /* rsync_socketutil.cpp */ = {isa = PBXFileReference; fileEncoding = 4; lastKnownFileType = sourcecode.cpp.cpp; path = rsync_socketutil.cpp; sourceTree = "<group>"; };
		0F255A961B5C792800C62D28 /* rsync_socketutil.h */ = {isa = PBXFileReference; fileEncoding = 4; lastKnownFileType = sourcecode.c.h; path = rsync_socketutil.h; sourceTree = "<group>"; };
		0F255A971B5C792800C62D28 /* rsync_sshio.cpp */ = {isa = PBXFileReference; fileEncoding = 4; lastKnownFileType = sourcecode.cpp.cpp; path = rsync_sshio.cpp; sourceTree = "<group>"; };
		0F255A981B5C792800C62D28 /* rsync_sshio.h */ = {isa = PBXFileReference; fileEncoding = 4; lastKnownFileType = sourcecode.c.h; path = rsync_sshio.h; sourceTree = "<group>"; };
		0F255A991B5C792800C62D28 /* rsync_stream.cpp */ = {isa = PBXFileReference; fileEncoding = 4; lastKnownFileType = sourcecode.cpp.cpp; path = rsync_stream.cpp; sourceTree = "<group>"; };
		0F255A9A1B5C792800C62D28 /* rsync_stream.h */ = {isa = PBXFileReference; fileEncoding = 4; lastKnownFileType = sourcecode.c.h; path = rsync_stream.h; sourceTree = "<group>"; };
		0F255A9B1B5C792800C62D28 /* rsync_timeutil.cpp */ = {isa = PBXFileReference; fileEncoding = 4; lastKnownFileType = sourcecode.cpp.cpp; path = rsync_timeutil.cpp; sourceTree = "<group>"; };
		0F255A9C1B5C792800C62D28 /* rsync_timeutil.h */ = {isa = PBXFileReference; fileEncoding = 4; lastKnownFileType = sourcecode.c.h; path = rsync_timeutil.h; sourceTree = "<group>"; };
		0F255A9D1B5C792800C62D28 /* rsync_util.cpp */ = {isa = PBXFileReference; fileEncoding = 4; lastKnownFileType = sourcecode.cpp.cpp; path = rsync_util.cpp; sourceTree = "<group>"; };
		0F255A9E1B5C792800C62D28 /* rsync_util.h */ = {isa = PBXFileReference; fileEncoding = 4; lastKnownFileType = sourcecode.c.h; path = rsync_util.h; sourceTree = "<group>"; };
		0F255ABC1B5C7A3700C62D28 /* block_out.h */ = {isa = PBXFileReference; fileEncoding = 4; lastKnownFileType = sourcecode.c.h; path = block_out.h; sourceTree = "<group>"; };
		0F255AC01B5C7A3700C62D28 /* qi_build.h */ = {isa = PBXFileReference; fileEncoding = 4; lastKnownFileType = sourcecode.c.h; path = qi_build.h; sourceTree = "<group>"; };
		0F255AC71B5C7A5600C62D28 /* testutil_assert.h */ = {isa = PBXFileReference; fileEncoding = 4; lastKnownFileType = sourcecode.c.h; path = testutil_assert.h; sourceTree = "<group>"; };
		0F255AC81B5C7A5600C62D28 /* testutil_newdeletemonitor.h */ = {isa = PBXFileReference; fileEncoding = 4; lastKnownFileType = sourcecode.c.h; path = testutil_newdeletemonitor.h; sourceTree = "<group>"; };
		0F6AAFDD1B5894A800A3035D /* Acrosync Demo.app */ = {isa = PBXFileReference; explicitFileType = wrapper.application; includeInIndex = 0; path = "Acrosync Demo.app"; sourceTree = BUILT_PRODUCTS_DIR; };
		0F6AAFE11B5894A800A3035D /* main.m */ = {isa = PBXFileReference; lastKnownFileType = sourcecode.c.objc; path = main.m; sourceTree = "<group>"; };
		0F6AAFE31B5894A800A3035D /* AppDelegate.h */ = {isa = PBXFileReference; lastKnownFileType = sourcecode.c.h; path = AppDelegate.h; sourceTree = "<group>"; };
		0F6AAFE41B5894A800A3035D /* AppDelegate.m */ = {isa = PBXFileReference; lastKnownFileType = sourcecode.c.objc; path = AppDelegate.m; sourceTree = "<group>"; };
		0F6AAFE61B5894A800A3035D /* ViewController.h */ = {isa = PBXFileReference; lastKnownFileType = sourcecode.c.h; path = ViewController.h; sourceTree = "<group>"; };
		0F6AAFE71B5894A800A3035D /* ViewController.mm */ = {isa = PBXFileReference; explicitFileType = sourcecode.cpp.objcpp; path = ViewController.mm; sourceTree = "<group>"; };
		0F6AAFEA1B5894A800A3035D /* Base */ = {isa = PBXFileReference; lastKnownFileType = file.storyboard; name = Base; path = Base.lproj/Main.storyboard; sourceTree = "<group>"; };
		0F6AAFEC1B5894A800A3035D /* Assets.xcassets */ = {isa = PBXFileReference; lastKnownFileType = folder.assetcatalog; path = Assets.xcassets; sourceTree = "<group>"; };
		0F6AAFF11B5894A800A3035D /* Info.plist */ = {isa = PBXFileReference; lastKnownFileType = text.plist.xml; path = Info.plist; sourceTree = "<group>"; };
/* End PBXFileReference section */

/* Begin PBXFrameworksBuildPhase section */
		0F6AAFDA1B5894A800A3035D /* Frameworks */ = {
			isa = PBXFrameworksBuildPhase;
			buildActionMask = 2147483647;
			files = (
			);
			runOnlyForDeploymentPostprocessing = 0;
		};
/* End PBXFrameworksBuildPhase section */

/* Begin PBXGroup section */
		0F255A861B5C792800C62D28 /* rsync */ = {
			isa = PBXGroup;
			children = (
				0F255AC61B5C7A5600C62D28 /* testutil */,
				0F255ABB1B5C7A3700C62D28 /* block */,
				0F255ABE1B5C7A3700C62D28 /* qi */,
				0F255A871B5C792800C62D28 /* rsync_client.cpp */,
				0F255A881B5C792800C62D28 /* rsync_client.h */,
				0F255A891B5C792800C62D28 /* rsync_entry.cpp */,
				0F255A8A1B5C792800C62D28 /* rsync_entry.h */,
				0F255A8B1B5C792800C62D28 /* rsync_file.cpp */,
				0F255A8C1B5C792800C62D28 /* rsync_file.h */,
				0F255A8D1B5C792800C62D28 /* rsync_io.cpp */,
				0F255A8E1B5C792800C62D28 /* rsync_io.h */,
				0F255A8F1B5C792800C62D28 /* rsync_log.cpp */,
				0F255A901B5C792800C62D28 /* rsync_log.h */,
				0F255A911B5C792800C62D28 /* rsync_pathutil.cpp */,
				0F255A921B5C792800C62D28 /* rsync_pathutil.h */,
				0F255A931B5C792800C62D28 /* rsync_socketio.cpp */,
				0F255A941B5C792800C62D28 /* rsync_socketio.h */,
				0F255A951B5C792800C62D28 /* rsync_socketutil.cpp */,
				0F255A961B5C792800C62D28 /* rsync_socketutil.h */,
				0F255A971B5C792800C62D28 /* rsync_sshio.cpp */,
				0F255A981B5C792800C62D28 /* rsync_sshio.h */,
				0F255A991B5C792800C62D28 /* rsync_stream.cpp */,
				0F255A9A1B5C792800C62D28 /* rsync_stream.h */,
				0F255A9B1B5C792800C62D28 /* rsync_timeutil.cpp */,
				0F255A9C1B5C792800C62D28 /* rsync_timeutil.h */,
				0F255A9D1B5C792800C62D28 /* rsync_util.cpp */,
				0F255A9E1B5C792800C62D28 /* rsync_util.h */,
			);
			name = rsync;
			path = libs/acrosync/rsync;
			sourceTree = "<group>";
		};
		0F255ABB1B5C7A3700C62D28 /* block */ = {
			isa = PBXGroup;
			children = (
				0F255ABC1B5C7A3700C62D28 /* block_out.h */,
			);
			path = block;
			sourceTree = "<group>";
		};
		0F255ABE1B5C7A3700C62D28 /* qi */ = {
			isa = PBXGroup;
			children = (
				0F255AC01B5C7A3700C62D28 /* qi_build.h */,
			);
			path = qi;
			sourceTree = "<group>";
		};
		0F255AC61B5C7A5600C62D28 /* testutil */ = {
			isa = PBXGroup;
			children = (
				0F255AC71B5C7A5600C62D28 /* testutil_assert.h */,
				0F255AC81B5C7A5600C62D28 /* testutil_newdeletemonitor.h */,
			);
			path = testutil;
			sourceTree = "<group>";
		};
		0F6AAFD41B5894A800A3035D = {
			isa = PBXGroup;
			children = (
				0F6AAFDF1B5894A800A3035D /* Acrosync Demo */,
				0F6AAFDE1B5894A800A3035D /* Products */,
			);
			sourceTree = "<group>";
		};
		0F6AAFDE1B5894A800A3035D /* Products */ = {
			isa = PBXGroup;
			children = (
				0F6AAFDD1B5894A800A3035D /* Acrosync Demo.app */,
			);
			name = Products;
			sourceTree = "<group>";
		};
		0F6AAFDF1B5894A800A3035D /* Acrosync Demo */ = {
			isa = PBXGroup;
			children = (
				0F255A861B5C792800C62D28 /* rsync */,
				0F6AAFE31B5894A800A3035D /* AppDelegate.h */,
				0F6AAFE41B5894A800A3035D /* AppDelegate.m */,
				0F6AAFE61B5894A800A3035D /* ViewController.h */,
				0F6AAFE71B5894A800A3035D /* ViewController.mm */,
				0F6AAFE91B5894A800A3035D /* Main.storyboard */,
				0F6AAFEC1B5894A800A3035D /* Assets.xcassets */,
				0F6AAFF11B5894A800A3035D /* Info.plist */,
				0F6AAFE01B5894A800A3035D /* Supporting Files */,
			);
			path = "Acrosync Demo";
			sourceTree = "<group>";
		};
		0F6AAFE01B5894A800A3035D /* Supporting Files */ = {
			isa = PBXGroup;
			children = (
				0F6AAFE11B5894A800A3035D /* main.m */,
			);
			name = "Supporting Files";
			sourceTree = "<group>";
		};
/* End PBXGroup section */

/* Begin PBXNativeTarget section */
		0F6AAFDC1B5894A800A3035D /* Acrosync Demo */ = {
			isa = PBXNativeTarget;
			buildConfigurationList = 0F6AAFF41B5894A800A3035D /* Build configuration list for PBXNativeTarget "Acrosync Demo" */;
			buildPhases = (
				0F6AAFD91B5894A800A3035D /* Sources */,
				0F6AAFDA1B5894A800A3035D /* Frameworks */,
				0F6AAFDB1B5894A800A3035D /* Resources */,
			);
			buildRules = (
			);
			dependencies = (
			);
			name = "Acrosync Demo";
			productName = "Acrosync Demo";
			productReference = 0F6AAFDD1B5894A800A3035D /* Acrosync Demo.app */;
			productType = "com.apple.product-type.application";
		};
/* End PBXNativeTarget section */

/* Begin PBXProject section */
		0F6AAFD51B5894A800A3035D /* Project object */ = {
			isa = PBXProject;
			attributes = {
				LastUpgradeCheck = 0730;
				ORGANIZATIONNAME = Zheng;
				TargetAttributes = {
					0F6AAFDC1B5894A800A3035D = {
						CreatedOnToolsVersion = 7.0;
						DevelopmentTeam = GXZ23M5TP2;
					};
				};
			};
			buildConfigurationList = 0F6AAFD81B5894A800A3035D /* Build configuration list for PBXProject "Acrosync Demo" */;
			compatibilityVersion = "Xcode 3.2";
			developmentRegion = English;
			hasScannedForEncodings = 0;
			knownRegions = (
				en,
				Base,
			);
			mainGroup = 0F6AAFD41B5894A800A3035D;
			productRefGroup = 0F6AAFDE1B5894A800A3035D /* Products */;
			projectDirPath = "";
			projectRoot = "";
			targets = (
				0F6AAFDC1B5894A800A3035D /* Acrosync Demo */,
			);
		};
/* End PBXProject section */

/* Begin PBXResourcesBuildPhase section */
		0F6AAFDB1B5894A800A3035D /* Resources */ = {
			isa = PBXResourcesBuildPhase;
			buildActionMask = 2147483647;
			files = (
				0F6AAFED1B5894A800A3035D /* Assets.xcassets in Resources */,
				0F6AAFEB1B5894A800A3035D /* Main.storyboard in Resources */,
			);
			runOnlyForDeploymentPostprocessing = 0;
		};
/* End PBXResourcesBuildPhase section */

/* Begin PBXSourcesBuildPhase section */
		0F6AAFD91B5894A800A3035D /* Sources */ = {
			isa = PBXSourcesBuildPhase;
			buildActionMask = 2147483647;
			files = (
				0F255AA91B5C792800C62D28 /* rsync_socketio.cpp in Sources */,
				0F255AA61B5C792800C62D28 /* rsync_io.cpp in Sources */,
				0F255AAD1B5C792800C62D28 /* rsync_timeutil.cpp in Sources */,
				0F255AAC1B5C792800C62D28 /* rsync_stream.cpp in Sources */,
				0F255AA41B5C792800C62D28 /* rsync_entry.cpp in Sources */,
				0F255AAA1B5C792800C62D28 /* rsync_socketutil.cpp in Sources */,
				0F255AAB1B5C792800C62D28 /* rsync_sshio.cpp in Sources */,
				0F6AAFE81B5894A800A3035D /* ViewController.mm in Sources */,
				0F255AA81B5C792800C62D28 /* rsync_pathutil.cpp in Sources */,
				0F255AAE1B5C792800C62D28 /* rsync_util.cpp in Sources */,
				0F6AAFE51B5894A800A3035D /* AppDelegate.m in Sources */,
				0F255AA31B5C792800C62D28 /* rsync_client.cpp in Sources */,
				0F6AAFE21B5894A800A3035D /* main.m in Sources */,
				0F255AA71B5C792800C62D28 /* rsync_log.cpp in Sources */,
				0F255AA51B5C792800C62D28 /* rsync_file.cpp in Sources */,
			);
			runOnlyForDeploymentPostprocessing = 0;
		};
/* End PBXSourcesBuildPhase section */

/* Begin PBXVariantGroup section */
		0F6AAFE91B5894A800A3035D /* Main.storyboard */ = {
			isa = PBXVariantGroup;
			children = (
				0F6AAFEA1B5894A800A3035D /* Base */,
			);
			name = Main.storyboard;
			sourceTree = "<group>";
		};
/* End PBXVariantGroup section */

/* Begin XCBuildConfiguration section */
		0F6AAFF21B5894A800A3035D /* Debug */ = {
			isa = XCBuildConfiguration;
			buildSettings = {
				ALWAYS_SEARCH_USER_PATHS = NO;
				CLANG_CXX_LANGUAGE_STANDARD = "c++0x";
				CLANG_CXX_LIBRARY = "libc++";
				CLANG_ENABLE_MODULES = YES;
				CLANG_ENABLE_OBJC_ARC = YES;
				CLANG_WARN_BOOL_CONVERSION = YES;
				CLANG_WARN_CONSTANT_CONVERSION = YES;
				CLANG_WARN_DIRECT_OBJC_ISA_USAGE = YES_ERROR;
				CLANG_WARN_EMPTY_BODY = YES;
				CLANG_WARN_ENUM_CONVERSION = YES;
				CLANG_WARN_INT_CONVERSION = YES;
				CLANG_WARN_OBJC_ROOT_CLASS = YES_ERROR;
				CLANG_WARN_UNREACHABLE_CODE = YES;
				CLANG_WARN__DUPLICATE_METHOD_MATCH = YES;
				"CODE_SIGN_IDENTITY[sdk=iphoneos*]" = "iPhone Developer";
				COPY_PHASE_STRIP = NO;
				DEBUG_INFORMATION_FORMAT = dwarf;
				ENABLE_BITCODE = NO;
				ENABLE_STRICT_OBJC_MSGSEND = YES;
				ENABLE_TESTABILITY = YES;
				GCC_C_LANGUAGE_STANDARD = c11;
				GCC_DYNAMIC_NO_PIC = NO;
				GCC_NO_COMMON_BLOCKS = YES;
				GCC_OPTIMIZATION_LEVEL = 0;
				GCC_PREPROCESSOR_DEFINITIONS = (
					"DEBUG=1",
					"$(inherited)",
				);
				GCC_WARN_64_TO_32_BIT_CONVERSION = YES;
				GCC_WARN_ABOUT_RETURN_TYPE = YES_ERROR;
				GCC_WARN_UNDECLARED_SELECTOR = YES;
				GCC_WARN_UNINITIALIZED_AUTOS = YES_AGGRESSIVE;
				GCC_WARN_UNUSED_FUNCTION = YES;
				GCC_WARN_UNUSED_VARIABLE = YES;
				HEADER_SEARCH_PATHS = "";
				IPHONEOS_DEPLOYMENT_TARGET = 8.1;
				MTL_ENABLE_DEBUG_INFO = YES;
				ONLY_ACTIVE_ARCH = YES;
				OTHER_LDFLAGS = "-static";
				SDKROOT = iphoneos;
				TARGETED_DEVICE_FAMILY = "1,2";
			};
			name = Debug;
		};
		0F6AAFF31B5894A800A3035D /* Release */ = {
			isa = XCBuildConfiguration;
			buildSettings = {
				ALWAYS_SEARCH_USER_PATHS = NO;
				CLANG_CXX_LANGUAGE_STANDARD = "c++0x";
				CLANG_CXX_LIBRARY = "libc++";
				CLANG_ENABLE_MODULES = YES;
				CLANG_ENABLE_OBJC_ARC = YES;
				CLANG_WARN_BOOL_CONVERSION = YES;
				CLANG_WARN_CONSTANT_CONVERSION = YES;
				CLANG_WARN_DIRECT_OBJC_ISA_USAGE = YES_ERROR;
				CLANG_WARN_EMPTY_BODY = YES;
				CLANG_WARN_ENUM_CONVERSION = YES;
				CLANG_WARN_INT_CONVERSION = YES;
				CLANG_WARN_OBJC_ROOT_CLASS = YES_ERROR;
				CLANG_WARN_UNREACHABLE_CODE = YES;
				CLANG_WARN__DUPLICATE_METHOD_MATCH = YES;
				"CODE_SIGN_IDENTITY[sdk=iphoneos*]" = "iPhone Developer";
				COPY_PHASE_STRIP = NO;
				DEBUG_INFORMATION_FORMAT = "dwarf-with-dsym";
				ENABLE_BITCODE = NO;
				ENABLE_NS_ASSERTIONS = NO;
				ENABLE_STRICT_OBJC_MSGSEND = YES;
				ENABLE_TESTABILITY = NO;
				GCC_C_LANGUAGE_STANDARD = c11;
				GCC_NO_COMMON_BLOCKS = YES;
				GCC_WARN_64_TO_32_BIT_CONVERSION = YES;
				GCC_WARN_ABOUT_RETURN_TYPE = YES_ERROR;
				GCC_WARN_UNDECLARED_SELECTOR = YES;
				GCC_WARN_UNINITIALIZED_AUTOS = YES_AGGRESSIVE;
				GCC_WARN_UNUSED_FUNCTION = YES;
				GCC_WARN_UNUSED_VARIABLE = YES;
				HEADER_SEARCH_PATHS = "";
				IPHONEOS_DEPLOYMENT_TARGET = 8.1;
				MTL_ENABLE_DEBUG_INFO = NO;
				ONLY_ACTIVE_ARCH = NO;
				OTHER_LDFLAGS = "-static";
				SDKROOT = iphoneos;
				TARGETED_DEVICE_FAMILY = "1,2";
				VALIDATE_PRODUCT = YES;
			};
			name = Release;
		};
		0F6AAFF51B5894A800A3035D /* Debug */ = {
			isa = XCBuildConfiguration;
			buildSettings = {
				ALWAYS_SEARCH_USER_PATHS = NO;
				ASSETCATALOG_COMPILER_APPICON_NAME = AppIcon;
				CODE_SIGN_IDENTITY = "iPhone Developer";
				ENABLE_BITCODE = YES;
				GCC_GENERATE_DEBUGGING_SYMBOLS = YES;
				GCC_OPTIMIZATION_LEVEL = s;
				GCC_PREPROCESSOR_DEFINITIONS = (
					__APPLE__,
					"DEBUG=1",
				);
				HEADER_SEARCH_PATHS = (
					"\"$(SRCROOT)/Acrosync Demo/libs/libssh2-1.6.0/include\"",
					"\"$(SRCROOT)/Acrosync Demo/libs/openssl-1.0.1p/include\"",
					"\"$(SRCROOT)/Acrosync Demo/libs/libiconv-1.14/include\"",
				);
				INFOPLIST_FILE = "Acrosync Demo/Info.plist";
				IPHONEOS_DEPLOYMENT_TARGET = 8.1;
				LD_RUNPATH_SEARCH_PATHS = "$(inherited) @executable_path/Frameworks";
				LIBRARY_SEARCH_PATHS = (
					"\"$(SRCROOT)/Acrosync Demo/libs/openssl-libs\"",
					"\"$(SRCROOT)/Acrosync Demo/libs/ssh-libs\"",
					"\"$(SRCROOT)/Acrosync Demo/libs/z-libs\"",
					"\"$(SRCROOT)/Acrosync Demo/libs/iconv-libs\"",
				);
				ONLY_ACTIVE_ARCH = NO;
				OTHER_CFLAGS = "";
				OTHER_LDFLAGS = (
					"-lssh2",
					"-lz",
					"-lcrypto",
					"-liconv",
				);
				PRECOMPS_INCLUDE_HEADERS_FROM_BUILT_PRODUCTS_DIR = YES;
				PRODUCT_BUNDLE_IDENTIFIER = "com.darwindev.Acrosync-Demo";
				PRODUCT_NAME = "$(TARGET_NAME)";
				REEXPORTED_LIBRARY_PATHS = "";
				SCAN_ALL_SOURCE_FILES_FOR_INCLUDES = YES;
				TARGETED_DEVICE_FAMILY = "1,2";
			};
			name = Debug;
		};
		0F6AAFF61B5894A800A3035D /* Release */ = {
			isa = XCBuildConfiguration;
			buildSettings = {
				ALWAYS_SEARCH_USER_PATHS = NO;
				ASSETCATALOG_COMPILER_APPICON_NAME = AppIcon;
				CODE_SIGN_IDENTITY = "iPhone Developer";
				"CODE_SIGN_IDENTITY[sdk=iphoneos*]" = "iPhone Developer";
				ENABLE_BITCODE = YES;
				GCC_GENERATE_DEBUGGING_SYMBOLS = YES;
				GCC_PREPROCESSOR_DEFINITIONS = __APPLE__;
				HEADER_SEARCH_PATHS = (
					"\"$(SRCROOT)/Acrosync Demo/libs/libssh2-1.6.0/include\"",
					"\"$(SRCROOT)/Acrosync Demo/libs/openssl-1.0.1p/include\"",
					"\"$(SRCROOT)/Acrosync Demo/libs/libiconv-1.14/include\"",
				);
				INFOPLIST_FILE = "Acrosync Demo/Info.plist";
				IPHONEOS_DEPLOYMENT_TARGET = 8.1;
				LD_RUNPATH_SEARCH_PATHS = "$(inherited) @executable_path/Frameworks";
				LIBRARY_SEARCH_PATHS = (
					"\"$(SRCROOT)/Acrosync Demo/libs/openssl-libs\"",
					"\"$(SRCROOT)/Acrosync Demo/libs/ssh-libs\"",
					"\"$(SRCROOT)/Acrosync Demo/libs/z-libs\"",
					"\"$(SRCROOT)/Acrosync Demo/libs/iconv-libs\"",
				);
				MTL_ENABLE_DEBUG_INFO = YES;
				ONLY_ACTIVE_ARCH = NO;
				OTHER_CFLAGS = "";
				OTHER_LDFLAGS = (
					"-lssh2",
					"-lz",
					"-lcrypto",
					"-liconv",
				);
				PRECOMPS_INCLUDE_HEADERS_FROM_BUILT_PRODUCTS_DIR = YES;
				PRODUCT_BUNDLE_IDENTIFIER = "com.darwindev.Acrosync-Demo";
				PRODUCT_NAME = "$(TARGET_NAME)";
				REEXPORTED_LIBRARY_PATHS = "";
				SCAN_ALL_SOURCE_FILES_FOR_INCLUDES = YES;
				TARGETED_DEVICE_FAMILY = "1,2";
			};
			name = Release;
		};
/* End XCBuildConfiguration section */

/* Begin XCConfigurationList section */
		0F6AAFD81B5894A800A3035D /* Build configuration list for PBXProject "Acrosync Demo" */ = {
			isa = XCConfigurationList;
			buildConfigurations = (
				0F6AAFF21B5894A800A3035D /* Debug */,
				0F6AAFF31B5894A800A3035D /* Release */,
			);
			defaultConfigurationIsVisible = 0;
			defaultConfigurationName = Debug;
		};
		0F6AAFF41B5894A800A3035D /* Build configuration list for PBXNativeTarget "Acrosync Demo" */ = {
			isa = XCConfigurationList;
			buildConfigurations = (
				0F6AAFF51B5894A800A3035D /* Debug */,
				0F6AAFF61B5894A800A3035D /* Release */,
			);
			defaultConfigurationIsVisible = 0;
			defaultConfigurationName = Debug;
		};
/* End XCConfigurationList section */
	};
	rootObject = 0F6AAFD51B5894A800A3035D /* Project object */;
}
